// !$*UTF8*$!
{
	archiveVersion = 1;
	classes = {
	};
	objectVersion = 46;
	objects = {

/* Begin PBXBuildFile section */
		0AB252B01BA802BC00D3D729 /* UITableView+PlaceholderView.m in Sources */ = {isa = PBXBuildFile; fileRef = 0AB252AF1BA802BC00D3D729 /* UITableView+PlaceholderView.m */; };
		0AB252B31BA802F500D3D729 /* TVPlaceholderView.m in Sources */ = {isa = PBXBuildFile; fileRef = 0AB252B21BA802F500D3D729 /* TVPlaceholderView.m */; };
		0AEB82631B96C98E0024EF50 /* main.m in Sources */ = {isa = PBXBuildFile; fileRef = 0AEB82621B96C98E0024EF50 /* main.m */; };
		0AEB82661B96C98E0024EF50 /* AppDelegate.m in Sources */ = {isa = PBXBuildFile; fileRef = 0AEB82651B96C98E0024EF50 /* AppDelegate.m */; };
		0AEB82691B96C98E0024EF50 /* ViewController.m in Sources */ = {isa = PBXBuildFile; fileRef = 0AEB82681B96C98E0024EF50 /* ViewController.m */; };
		0AEB826C1B96C98E0024EF50 /* Main.storyboard in Resources */ = {isa = PBXBuildFile; fileRef = 0AEB826A1B96C98E0024EF50 /* Main.storyboard */; };
		0AEB826E1B96C98E0024EF50 /* Images.xcassets in Resources */ = {isa = PBXBuildFile; fileRef = 0AEB826D1B96C98E0024EF50 /* Images.xcassets */; };
		0AEB82711B96C98E0024EF50 /* LaunchScreen.xib in Resources */ = {isa = PBXBuildFile; fileRef = 0AEB826F1B96C98E0024EF50 /* LaunchScreen.xib */; };
		0AEB827D1B96C98E0024EF50 /* HXYLightTableViewTests.m in Sources */ = {isa = PBXBuildFile; fileRef = 0AEB827C1B96C98E0024EF50 /* HXYLightTableViewTests.m */; };
		0AEB828B1B96CAD20024EF50 /* UIKit.framework in Frameworks */ = {isa = PBXBuildFile; fileRef = 0AEB828A1B96CAD20024EF50 /* UIKit.framework */; };
		0AEB828D1B96CAD90024EF50 /* Foundation.framework in Frameworks */ = {isa = PBXBuildFile; fileRef = 0AEB828C1B96CAD80024EF50 /* Foundation.framework */; };
		0AFEC73D1B9BC69100F1D365 /* BaseTableViewProtocol.m in Sources */ = {isa = PBXBuildFile; fileRef = 0AFEC73C1B9BC69100F1D365 /* BaseTableViewProtocol.m */; };
		0AFEC7421B9BCB9C00F1D365 /* CustomCell.m in Sources */ = {isa = PBXBuildFile; fileRef = 0AFEC7401B9BCB9C00F1D365 /* CustomCell.m */; };
		0AFEC7431B9BCB9C00F1D365 /* CustomCell.xib in Resources */ = {isa = PBXBuildFile; fileRef = 0AFEC7411B9BCB9C00F1D365 /* CustomCell.xib */; };
/* End PBXBuildFile section */

/* Begin PBXContainerItemProxy section */
		0AEB82771B96C98E0024EF50 /* PBXContainerItemProxy */ = {
			isa = PBXContainerItemProxy;
			containerPortal = 0AEB82551B96C98E0024EF50 /* Project object */;
			proxyType = 1;
			remoteGlobalIDString = 0AEB825C1B96C98E0024EF50;
			remoteInfo = HXYLightTableView;
		};
/* End PBXContainerItemProxy section */

/* Begin PBXFileReference section */
		0AB252AE1BA802BC00D3D729 /* UITableView+PlaceholderView.h */ = {isa = PBXFileReference; fileEncoding = 4; lastKnownFileType = sourcecode.c.h; path = "UITableView+PlaceholderView.h"; sourceTree = "<group>"; };
		0AB252AF1BA802BC00D3D729 /* UITableView+PlaceholderView.m */ = {isa = PBXFileReference; fileEncoding = 4; lastKnownFileType = sourcecode.c.objc; path = "UITableView+PlaceholderView.m"; sourceTree = "<group>"; };
		0AB252B11BA802F500D3D729 /* TVPlaceholderView.h */ = {isa = PBXFileReference; fileEncoding = 4; lastKnownFileType = sourcecode.c.h; path = TVPlaceholderView.h; sourceTree = "<group>"; };
		0AB252B21BA802F500D3D729 /* TVPlaceholderView.m */ = {isa = PBXFileReference; fileEncoding = 4; lastKnownFileType = sourcecode.c.objc; path = TVPlaceholderView.m; sourceTree = "<group>"; };
		0AEB825D1B96C98E0024EF50 /* HXYLightTableView.app */ = {isa = PBXFileReference; explicitFileType = wrapper.application; includeInIndex = 0; path = HXYLightTableView.app; sourceTree = BUILT_PRODUCTS_DIR; };
		0AEB82611B96C98E0024EF50 /* Info.plist */ = {isa = PBXFileReference; lastKnownFileType = text.plist.xml; path = Info.plist; sourceTree = "<group>"; };
		0AEB82621B96C98E0024EF50 /* main.m */ = {isa = PBXFileReference; lastKnownFileType = sourcecode.c.objc; path = main.m; sourceTree = "<group>"; };
		0AEB82641B96C98E0024EF50 /* AppDelegate.h */ = {isa = PBXFileReference; lastKnownFileType = sourcecode.c.h; path = AppDelegate.h; sourceTree = "<group>"; };
		0AEB82651B96C98E0024EF50 /* AppDelegate.m */ = {isa = PBXFileReference; lastKnownFileType = sourcecode.c.objc; path = AppDelegate.m; sourceTree = "<group>"; };
		0AEB82671B96C98E0024EF50 /* ViewController.h */ = {isa = PBXFileReference; lastKnownFileType = sourcecode.c.h; path = ViewController.h; sourceTree = "<group>"; };
		0AEB82681B96C98E0024EF50 /* ViewController.m */ = {isa = PBXFileReference; lastKnownFileType = sourcecode.c.objc; path = ViewController.m; sourceTree = "<group>"; };
		0AEB826B1B96C98E0024EF50 /* Base */ = {isa = PBXFileReference; lastKnownFileType = file.storyboard; name = Base; path = Base.lproj/Main.storyboard; sourceTree = "<group>"; };
		0AEB826D1B96C98E0024EF50 /* Images.xcassets */ = {isa = PBXFileReference; lastKnownFileType = folder.assetcatalog; path = Images.xcassets; sourceTree = "<group>"; };
		0AEB82701B96C98E0024EF50 /* Base */ = {isa = PBXFileReference; lastKnownFileType = file.xib; name = Base; path = Base.lproj/LaunchScreen.xib; sourceTree = "<group>"; };
		0AEB82761B96C98E0024EF50 /* HXYLightTableViewTests.xctest */ = {isa = PBXFileReference; explicitFileType = wrapper.cfbundle; includeInIndex = 0; path = HXYLightTableViewTests.xctest; sourceTree = BUILT_PRODUCTS_DIR; };
		0AEB827B1B96C98E0024EF50 /* Info.plist */ = {isa = PBXFileReference; lastKnownFileType = text.plist.xml; path = Info.plist; sourceTree = "<group>"; };
		0AEB827C1B96C98E0024EF50 /* HXYLightTableViewTests.m */ = {isa = PBXFileReference; lastKnownFileType = sourcecode.c.objc; path = HXYLightTableViewTests.m; sourceTree = "<group>"; };
		0AEB828A1B96CAD20024EF50 /* UIKit.framework */ = {isa = PBXFileReference; lastKnownFileType = wrapper.framework; name = UIKit.framework; path = System/Library/Frameworks/UIKit.framework; sourceTree = SDKROOT; };
		0AEB828C1B96CAD80024EF50 /* Foundation.framework */ = {isa = PBXFileReference; lastKnownFileType = wrapper.framework; name = Foundation.framework; path = System/Library/Frameworks/Foundation.framework; sourceTree = SDKROOT; };
		0AEB828E1B96CB780024EF50 /* HXYLightTableView-Prefix.pch */ = {isa = PBXFileReference; fileEncoding = 4; lastKnownFileType = sourcecode.c.h; path = "HXYLightTableView-Prefix.pch"; sourceTree = "<group>"; };
		0AFEC73B1B9BC69100F1D365 /* BaseTableViewProtocol.h */ = {isa = PBXFileReference; fileEncoding = 4; lastKnownFileType = sourcecode.c.h; path = BaseTableViewProtocol.h; sourceTree = "<group>"; };
		0AFEC73C1B9BC69100F1D365 /* BaseTableViewProtocol.m */ = {isa = PBXFileReference; fileEncoding = 4; lastKnownFileType = sourcecode.c.objc; path = BaseTableViewProtocol.m; sourceTree = "<group>"; };
		0AFEC73F1B9BCB9C00F1D365 /* CustomCell.h */ = {isa = PBXFileReference; fileEncoding = 4; lastKnownFileType = sourcecode.c.h; path = CustomCell.h; sourceTree = "<group>"; };
		0AFEC7401B9BCB9C00F1D365 /* CustomCell.m */ = {isa = PBXFileReference; fileEncoding = 4; lastKnownFileType = sourcecode.c.objc; path = CustomCell.m; sourceTree = "<group>"; };
		0AFEC7411B9BCB9C00F1D365 /* CustomCell.xib */ = {isa = PBXFileReference; fileEncoding = 4; lastKnownFileType = file.xib; path = CustomCell.xib; sourceTree = "<group>"; };
		0AFEC74C1B9BEC2900F1D365 /* Constants.h */ = {isa = PBXFileReference; fileEncoding = 4; lastKnownFileType = sourcecode.c.h; path = Constants.h; sourceTree = "<group>"; };
/* End PBXFileReference section */

/* Begin PBXFrameworksBuildPhase section */
		0AEB825A1B96C98E0024EF50 /* Frameworks */ = {
			isa = PBXFrameworksBuildPhase;
			buildActionMask = 2147483647;
			files = (
				0AEB828D1B96CAD90024EF50 /* Foundation.framework in Frameworks */,
				0AEB828B1B96CAD20024EF50 /* UIKit.framework in Frameworks */,
			);
			runOnlyForDeploymentPostprocessing = 0;
		};
		0AEB82731B96C98E0024EF50 /* Frameworks */ = {
			isa = PBXFrameworksBuildPhase;
			buildActionMask = 2147483647;
			files = (
			);
			runOnlyForDeploymentPostprocessing = 0;
		};
/* End PBXFrameworksBuildPhase section */

/* Begin PBXGroup section */
		0AB252AA1BA8025400D3D729 /* Views */ = {
			isa = PBXGroup;
			children = (
				0AFEC73E1B9BCB7600F1D365 /* CustomCell */,
			);
			name = Views;
			sourceTree = "<group>";
		};
		0AB252AB1BA8026D00D3D729 /* Base */ = {
			isa = PBXGroup;
			children = (
				0AFEC7441B9BCC0800F1D365 /* BaseTableviewProtocol */,
			);
			name = Base;
			sourceTree = "<group>";
		};
		0AB252AC1BA8027700D3D729 /* Controller */ = {
			isa = PBXGroup;
			children = (
				0AEB82671B96C98E0024EF50 /* ViewController.h */,
				0AEB82681B96C98E0024EF50 /* ViewController.m */,
			);
			name = Controller;
			sourceTree = "<group>";
		};
		0AB252AD1BA8028900D3D729 /* Categories */ = {
			isa = PBXGroup;
			children = (
				0AB252AE1BA802BC00D3D729 /* UITableView+PlaceholderView.h */,
				0AB252AF1BA802BC00D3D729 /* UITableView+PlaceholderView.m */,
			);
			name = Categories;
			sourceTree = "<group>";
		};
		0AEB82541B96C98E0024EF50 = {
			isa = PBXGroup;
			children = (
				0AEB82891B96CABE0024EF50 /* Frameworks */,
				0AEB825F1B96C98E0024EF50 /* HXYLightTableView */,
				0AEB82791B96C98E0024EF50 /* HXYLightTableViewTests */,
				0AEB825E1B96C98E0024EF50 /* Products */,
			);
			sourceTree = "<group>";
		};
		0AEB825E1B96C98E0024EF50 /* Products */ = {
			isa = PBXGroup;
			children = (
				0AEB825D1B96C98E0024EF50 /* HXYLightTableView.app */,
				0AEB82761B96C98E0024EF50 /* HXYLightTableViewTests.xctest */,
			);
			name = Products;
			sourceTree = "<group>";
		};
		0AEB825F1B96C98E0024EF50 /* HXYLightTableView */ = {
			isa = PBXGroup;
			children = (
				0AB252AD1BA8028900D3D729 /* Categories */,
				0AB252AC1BA8027700D3D729 /* Controller */,
				0AB252AB1BA8026D00D3D729 /* Base */,
				0AB252AA1BA8025400D3D729 /* Views */,
				0AFEC74B1B9BEBEB00F1D365 /* Application */,
				0AEB826A1B96C98E0024EF50 /* Main.storyboard */,
				0AEB826D1B96C98E0024EF50 /* Images.xcassets */,
				0AEB826F1B96C98E0024EF50 /* LaunchScreen.xib */,
				0AEB82601B96C98E0024EF50 /* Supporting Files */,
			);
			path = HXYLightTableView;
			sourceTree = "<group>";
		};
		0AEB82601B96C98E0024EF50 /* Supporting Files */ = {
			isa = PBXGroup;
			children = (
				0AEB82611B96C98E0024EF50 /* Info.plist */,
				0AEB82621B96C98E0024EF50 /* main.m */,
				0AEB828E1B96CB780024EF50 /* HXYLightTableView-Prefix.pch */,
			);
			name = "Supporting Files";
			sourceTree = "<group>";
		};
		0AEB82791B96C98E0024EF50 /* HXYLightTableViewTests */ = {
			isa = PBXGroup;
			children = (
				0AEB827C1B96C98E0024EF50 /* HXYLightTableViewTests.m */,
				0AEB827A1B96C98E0024EF50 /* Supporting Files */,
			);
			path = HXYLightTableViewTests;
			sourceTree = "<group>";
		};
		0AEB827A1B96C98E0024EF50 /* Supporting Files */ = {
			isa = PBXGroup;
			children = (
				0AEB827B1B96C98E0024EF50 /* Info.plist */,
			);
			name = "Supporting Files";
			sourceTree = "<group>";
		};
		0AEB82891B96CABE0024EF50 /* Frameworks */ = {
			isa = PBXGroup;
			children = (
				0AEB828C1B96CAD80024EF50 /* Foundation.framework */,
				0AEB828A1B96CAD20024EF50 /* UIKit.framework */,
			);
			name = Frameworks;
			sourceTree = "<group>";
		};
		0AFEC73E1B9BCB7600F1D365 /* CustomCell */ = {
			isa = PBXGroup;
			children = (
				0AFEC73F1B9BCB9C00F1D365 /* CustomCell.h */,
				0AFEC7401B9BCB9C00F1D365 /* CustomCell.m */,
				0AFEC7411B9BCB9C00F1D365 /* CustomCell.xib */,
			);
			name = CustomCell;
			sourceTree = "<group>";
		};
		0AFEC7441B9BCC0800F1D365 /* BaseTableviewProtocol */ = {
			isa = PBXGroup;
			children = (
				0AB252B11BA802F500D3D729 /* TVPlaceholderView.h */,
				0AB252B21BA802F500D3D729 /* TVPlaceholderView.m */,
				0AFEC73B1B9BC69100F1D365 /* BaseTableViewProtocol.h */,
				0AFEC73C1B9BC69100F1D365 /* BaseTableViewProtocol.m */,
			);
			name = BaseTableviewProtocol;
			sourceTree = "<group>";
		};
		0AFEC74B1B9BEBEB00F1D365 /* Application */ = {
			isa = PBXGroup;
			children = (
				0AEB82641B96C98E0024EF50 /* AppDelegate.h */,
				0AEB82651B96C98E0024EF50 /* AppDelegate.m */,
				0AFEC74C1B9BEC2900F1D365 /* Constants.h */,
			);
			name = Application;
			sourceTree = "<group>";
		};
/* End PBXGroup section */

/* Begin PBXNativeTarget section */
		0AEB825C1B96C98E0024EF50 /* HXYLightTableView */ = {
			isa = PBXNativeTarget;
			buildConfigurationList = 0AEB82801B96C98E0024EF50 /* Build configuration list for PBXNativeTarget "HXYLightTableView" */;
			buildPhases = (
				0AEB82591B96C98E0024EF50 /* Sources */,
				0AEB825A1B96C98E0024EF50 /* Frameworks */,
				0AEB825B1B96C98E0024EF50 /* Resources */,
			);
			buildRules = (
			);
			dependencies = (
			);
			name = HXYLightTableView;
			productName = HXYLightTableView;
			productReference = 0AEB825D1B96C98E0024EF50 /* HXYLightTableView.app */;
			productType = "com.apple.product-type.application";
		};
		0AEB82751B96C98E0024EF50 /* HXYLightTableViewTests */ = {
			isa = PBXNativeTarget;
			buildConfigurationList = 0AEB82831B96C98E0024EF50 /* Build configuration list for PBXNativeTarget "HXYLightTableViewTests" */;
			buildPhases = (
				0AEB82721B96C98E0024EF50 /* Sources */,
				0AEB82731B96C98E0024EF50 /* Frameworks */,
				0AEB82741B96C98E0024EF50 /* Resources */,
			);
			buildRules = (
			);
			dependencies = (
				0AEB82781B96C98E0024EF50 /* PBXTargetDependency */,
			);
			name = HXYLightTableViewTests;
			productName = HXYLightTableViewTests;
			productReference = 0AEB82761B96C98E0024EF50 /* HXYLightTableViewTests.xctest */;
			productType = "com.apple.product-type.bundle.unit-test";
		};
/* End PBXNativeTarget section */

/* Begin PBXProject section */
		0AEB82551B96C98E0024EF50 /* Project object */ = {
			isa = PBXProject;
			attributes = {
				LastUpgradeCheck = 0630;
				ORGANIZATIONNAME = HXY;
				TargetAttributes = {
					0AEB825C1B96C98E0024EF50 = {
						CreatedOnToolsVersion = 6.3.1;
					};
					0AEB82751B96C98E0024EF50 = {
						CreatedOnToolsVersion = 6.3.1;
						TestTargetID = 0AEB825C1B96C98E0024EF50;
					};
				};
			};
			buildConfigurationList = 0AEB82581B96C98E0024EF50 /* Build configuration list for PBXProject "HXYLightTableView" */;
			compatibilityVersion = "Xcode 3.2";
			developmentRegion = English;
			hasScannedForEncodings = 0;
			knownRegions = (
				en,
				Base,
			);
			mainGroup = 0AEB82541B96C98E0024EF50;
			productRefGroup = 0AEB825E1B96C98E0024EF50 /* Products */;
			projectDirPath = "";
			projectRoot = "";
			targets = (
				0AEB825C1B96C98E0024EF50 /* HXYLightTableView */,
				0AEB82751B96C98E0024EF50 /* HXYLightTableViewTests */,
			);
		};
/* End PBXProject section */

/* Begin PBXResourcesBuildPhase section */
		0AEB825B1B96C98E0024EF50 /* Resources */ = {
			isa = PBXResourcesBuildPhase;
			buildActionMask = 2147483647;
			files = (
				0AEB826C1B96C98E0024EF50 /* Main.storyboard in Resources */,
				0AEB82711B96C98E0024EF50 /* LaunchScreen.xib in Resources */,
				0AFEC7431B9BCB9C00F1D365 /* CustomCell.xib in Resources */,
				0AEB826E1B96C98E0024EF50 /* Images.xcassets in Resources */,
			);
			runOnlyForDeploymentPostprocessing = 0;
		};
		0AEB82741B96C98E0024EF50 /* Resources */ = {
			isa = PBXResourcesBuildPhase;
			buildActionMask = 2147483647;
			files = (
			);
			runOnlyForDeploymentPostprocessing = 0;
		};
/* End PBXResourcesBuildPhase section */

/* Begin PBXSourcesBuildPhase section */
		0AEB82591B96C98E0024EF50 /* Sources */ = {
			isa = PBXSourcesBuildPhase;
			buildActionMask = 2147483647;
			files = (
				0AFEC73D1B9BC69100F1D365 /* BaseTableViewProtocol.m in Sources */,
				0AB252B31BA802F500D3D729 /* TVPlaceholderView.m in Sources */,
				0AEB82691B96C98E0024EF50 /* ViewController.m in Sources */,
				0AB252B01BA802BC00D3D729 /* UITableView+PlaceholderView.m in Sources */,
				0AEB82661B96C98E0024EF50 /* AppDelegate.m in Sources */,
				0AEB82631B96C98E0024EF50 /* main.m in Sources */,
				0AFEC7421B9BCB9C00F1D365 /* CustomCell.m in Sources */,
			);
			runOnlyForDeploymentPostprocessing = 0;
		};
		0AEB82721B96C98E0024EF50 /* Sources */ = {
			isa = PBXSourcesBuildPhase;
			buildActionMask = 2147483647;
			files = (
				0AEB827D1B96C98E0024EF50 /* HXYLightTableViewTests.m in Sources */,
			);
			runOnlyForDeploymentPostprocessing = 0;
		};
/* End PBXSourcesBuildPhase section */

/* Begin PBXTargetDependency section */
		0AEB82781B96C98E0024EF50 /* PBXTargetDependency */ = {
			isa = PBXTargetDependency;
			target = 0AEB825C1B96C98E0024EF50 /* HXYLightTableView */;
			targetProxy = 0AEB82771B96C98E0024EF50 /* PBXContainerItemProxy */;
		};
/* End PBXTargetDependency section */

/* Begin PBXVariantGroup section */
		0AEB826A1B96C98E0024EF50 /* Main.storyboard */ = {
			isa = PBXVariantGroup;
			children = (
				0AEB826B1B96C98E0024EF50 /* Base */,
			);
			name = Main.storyboard;
			sourceTree = "<group>";
		};
		0AEB826F1B96C98E0024EF50 /* LaunchScreen.xib */ = {
			isa = PBXVariantGroup;
			children = (
				0AEB82701B96C98E0024EF50 /* Base */,
			);
			name = LaunchScreen.xib;
			sourceTree = "<group>";
		};
/* End PBXVariantGroup section */

/* Begin XCBuildConfiguration section */
		0AEB827E1B96C98E0024EF50 /* Debug */ = {
			isa = XCBuildConfiguration;
			buildSettings = {
				ALWAYS_SEARCH_USER_PATHS = NO;
				CLANG_CXX_LANGUAGE_STANDARD = "gnu++0x";
				CLANG_CXX_LIBRARY = "libc++";
				CLANG_ENABLE_MODULES = YES;
				CLANG_ENABLE_OBJC_ARC = YES;
				CLANG_WARN_BOOL_CONVERSION = YES;
				CLANG_WARN_CONSTANT_CONVERSION = YES;
				CLANG_WARN_DIRECT_OBJC_ISA_USAGE = YES_ERROR;
				CLANG_WARN_EMPTY_BODY = YES;
				CLANG_WARN_ENUM_CONVERSION = YES;
				CLANG_WARN_INT_CONVERSION = YES;
				CLANG_WARN_OBJC_ROOT_CLASS = YES_ERROR;
				CLANG_WARN_UNREACHABLE_CODE = YES;
				CLANG_WARN__DUPLICATE_METHOD_MATCH = YES;
				"CODE_SIGN_IDENTITY[sdk=iphoneos*]" = "iPhone Developer";
				COPY_PHASE_STRIP = NO;
				DEBUG_INFORMATION_FORMAT = "dwarf-with-dsym";
				ENABLE_STRICT_OBJC_MSGSEND = YES;
				GCC_C_LANGUAGE_STANDARD = gnu99;
				GCC_DYNAMIC_NO_PIC = NO;
				GCC_INCREASE_PRECOMPILED_HEADER_SHARING = YES;
				GCC_NO_COMMON_BLOCKS = YES;
				GCC_OPTIMIZATION_LEVEL = 0;
				GCC_PRECOMPILE_PREFIX_HEADER = YES;
				GCC_PREFIX_HEADER = "$(SRCROOT)/HXYLightTableView/HXYLightTableView-Prefix.pch";
				GCC_PREPROCESSOR_DEFINITIONS = (
					"DEBUG=1",
					"$(inherited)",
				);
				GCC_SYMBOLS_PRIVATE_EXTERN = NO;
				GCC_WARN_64_TO_32_BIT_CONVERSION = YES;
				GCC_WARN_ABOUT_RETURN_TYPE = YES_ERROR;
				GCC_WARN_UNDECLARED_SELECTOR = YES;
				GCC_WARN_UNINITIALIZED_AUTOS = YES_AGGRESSIVE;
				GCC_WARN_UNUSED_FUNCTION = YES;
				GCC_WARN_UNUSED_VARIABLE = YES;
				IPHONEOS_DEPLOYMENT_TARGET = 8.3;
				MTL_ENABLE_DEBUG_INFO = YES;
				ONLY_ACTIVE_ARCH = YES;
				SDKROOT = iphoneos;
			};
			name = Debug;
		};
		0AEB827F1B96C98E0024EF50 /* Release */ = {
			isa = XCBuildConfiguration;
			buildSettings = {
				ALWAYS_SEARCH_USER_PATHS = NO;
				CLANG_CXX_LANGUAGE_STANDARD = "gnu++0x";
				CLANG_CXX_LIBRARY = "libc++";
				CLANG_ENABLE_MODULES = YES;
				CLANG_ENABLE_OBJC_ARC = YES;
				CLANG_WARN_BOOL_CONVERSION = YES;
				CLANG_WARN_CONSTANT_CONVERSION = YES;
				CLANG_WARN_DIRECT_OBJC_ISA_USAGE = YES_ERROR;
				CLANG_WARN_EMPTY_BODY = YES;
				CLANG_WARN_ENUM_CONVERSION = YES;
				CLANG_WARN_INT_CONVERSION = YES;
				CLANG_WARN_OBJC_ROOT_CLASS = YES_ERROR;
				CLANG_WARN_UNREACHABLE_CODE = YES;
				CLANG_WARN__DUPLICATE_METHOD_MATCH = YES;
				"CODE_SIGN_IDENTITY[sdk=iphoneos*]" = "iPhone Developer";
				COPY_PHASE_STRIP = NO;
				DEBUG_INFORMATION_FORMAT = "dwarf-with-dsym";
				ENABLE_NS_ASSERTIONS = NO;
				ENABLE_STRICT_OBJC_MSGSEND = YES;
				GCC_C_LANGUAGE_STANDARD = gnu99;
				GCC_INCREASE_PRECOMPILED_HEADER_SHARING = YES;
				GCC_NO_COMMON_BLOCKS = YES;
				GCC_PRECOMPILE_PREFIX_HEADER = YES;
				GCC_PREFIX_HEADER = "$(SRCROOT)/HXYLightTableView/HXYLightTableView-Prefix.pch";
				GCC_WARN_64_TO_32_BIT_CONVERSION = YES;
				GCC_WARN_ABOUT_RETURN_TYPE = YES_ERROR;
				GCC_WARN_UNDECLARED_SELECTOR = YES;
				GCC_WARN_UNINITIALIZED_AUTOS = YES_AGGRESSIVE;
				GCC_WARN_UNUSED_FUNCTION = YES;
				GCC_WARN_UNUSED_VARIABLE = YES;
				IPHONEOS_DEPLOYMENT_TARGET = 8.3;
				MTL_ENABLE_DEBUG_INFO = NO;
				SDKROOT = iphoneos;
				VALIDATE_PRODUCT = YES;
			};
			name = Release;
		};
		0AEB82811B96C98E0024EF50 /* Debug */ = {
			isa = XCBuildConfiguration;
			buildSettings = {
				ASSETCATALOG_COMPILER_APPICON_NAME = AppIcon;
				GCC_PRECOMPILE_PREFIX_HEADER = YES;
				INFOPLIST_FILE = HXYLightTableView/Info.plist;
				LD_RUNPATH_SEARCH_PATHS = "$(inherited) @executable_path/Frameworks";
				PRODUCT_NAME = "$(TARGET_NAME)";
			};
			name = Debug;
		};
		0AEB82821B96C98E0024EF50 /* Release */ = {
			isa = XCBuildConfiguration;
			buildSettings = {
				ASSETCATALOG_COMPILER_APPICON_NAME = AppIcon;
				GCC_PRECOMPILE_PREFIX_HEADER = YES;
				INFOPLIST_FILE = HXYLightTableView/Info.plist;
				LD_RUNPATH_SEARCH_PATHS = "$(inherited) @executable_path/Frameworks";
				PRODUCT_NAME = "$(TARGET_NAME)";
			};
			name = Release;
		};
		0AEB82841B96C98E0024EF50 /* Debug */ = {
			isa = XCBuildConfiguration;
			buildSettings = {
				BUNDLE_LOADER = "$(TEST_HOST)";
				FRAMEWORK_SEARCH_PATHS = (
					"$(SDKROOT)/Developer/Library/Frameworks",
					"$(inherited)",
				);
				GCC_PREPROCESSOR_DEFINITIONS = (
					"DEBUG=1",
					"$(inherited)",
				);
				INFOPLIST_FILE = HXYLightTableViewTests/Info.plist;
				LD_RUNPATH_SEARCH_PATHS = "$(inherited) @executable_path/Frameworks @loader_path/Frameworks";
				PRODUCT_NAME = "$(TARGET_NAME)";
				TEST_HOST = "$(BUILT_PRODUCTS_DIR)/HXYLightTableView.app/HXYLightTableView";
			};
			name = Debug;
		};
		0AEB82851B96C98E0024EF50 /* Release */ = {
			isa = XCBuildConfiguration;
			buildSettings = {
				BUNDLE_LOADER = "$(TEST_HOST)";
				FRAMEWORK_SEARCH_PATHS = (
					"$(SDKROOT)/Developer/Library/Frameworks",
					"$(inherited)",
				);
				INFOPLIST_FILE = HXYLightTableViewTests/Info.plist;
				LD_RUNPATH_SEARCH_PATHS = "$(inherited) @executable_path/Frameworks @loader_path/Frameworks";
				PRODUCT_NAME = "$(TARGET_NAME)";
				TEST_HOST = "$(BUILT_PRODUCTS_DIR)/HXYLightTableView.app/HXYLightTableView";
			};
			name = Release;
		};
/* End XCBuildConfiguration section */

/* Begin XCConfigurationList section */
		0AEB82581B96C98E0024EF50 /* Build configuration list for PBXProject "HXYLightTableView" */ = {
			isa = XCConfigurationList;
			buildConfigurations = (
				0AEB827E1B96C98E0024EF50 /* Debug */,
				0AEB827F1B96C98E0024EF50 /* Release */,
			);
			defaultConfigurationIsVisible = 0;
			defaultConfigurationName = Release;
		};
		0AEB82801B96C98E0024EF50 /* Build configuration list for PBXNativeTarget "HXYLightTableView" */ = {
			isa = XCConfigurationList;
			buildConfigurations = (
				0AEB82811B96C98E0024EF50 /* Debug */,
				0AEB82821B96C98E0024EF50 /* Release */,
			);
			defaultConfigurationIsVisible = 0;
			defaultConfigurationName = Release;
		};
		0AEB82831B96C98E0024EF50 /* Build configuration list for PBXNativeTarget "HXYLightTableViewTests" */ = {
			isa = XCConfigurationList;
			buildConfigurations = (
				0AEB82841B96C98E0024EF50 /* Debug */,
				0AEB82851B96C98E0024EF50 /* Release */,
			);
			defaultConfigurationIsVisible = 0;
			defaultConfigurationName = Release;
		};
/* End XCConfigurationList section */
	};
	rootObject = 0AEB82551B96C98E0024EF50 /* Project object */;
}
